
Microsoft Visual Studio Solution File, Format Version 12.00
# Visual Studio Version 17
VisualStudioVersion = 17.14.36327.8 d17.14
MinimumVisualStudioVersion = 10.0.40219.1
Project("{FAE04EC0-301F-11D3-BF4B-00C04F79EFBC}") = "Gitpratice", "Gitpratice.csproj", "{6712B278-E6E2-44DA-9EAE-E5FD497447FD}"
EndProject
Global
	GlobalSection(SolutionConfigurationPlatforms) = preSolution
		Debug|Any CPU = Debug|Any CPU
		Release|Any CPU = Release|Any CPU
	EndGlobalSection
	GlobalSection(ProjectConfigurationPlatforms) = postSolution
		{6712B278-E6E2-44DA-9EAE-E5FD497447FD}.Debug|Any CPU.ActiveCfg = Debug|Any CPU
		{6712B278-E6E2-44DA-9EAE-E5FD497447FD}.Debug|Any CPU.Build.0 = Debug|Any CPU
		{6712B278-E6E2-44DA-9EAE-E5FD497447FD}.Release|Any CPU.ActiveCfg = Release|Any CPU
		{6712B278-E6E2-44DA-9EAE-E5FD497447FD}.Release|Any CPU.Build.0 = Release|Any CPU
	EndGlobalSection
	GlobalSection(SolutionProperties) = preSolution
		HideSolutionNode = FALSE
	EndGlobalSection
	GlobalSection(ExtensibilityGlobals) = postSolution
		SolutionGuid = {94F48FAA-046E-4A82-AC58-A6AE0B8828B9}
	EndGlobalSection
EndGlobal
